
Microsoft Visual Studio Solution File, Format Version 12.00
# Visual Studio Version 16
VisualStudioVersion = 16.0.30509.190
MinimumVisualStudioVersion = 10.0.40219.1
Project("{FAE04EC0-301F-11D3-BF4B-00C04F79EFBC}") = "PcWebapp", "PcWebapp\PcWebapp.csproj", "{36D179D6-8C2E-4A13-937A-3DC98754CA6A}"
EndProject
Project("{FAE04EC0-301F-11D3-BF4B-00C04F79EFBC}") = "Models", "Models\Models.csproj", "{609792F7-E7A1-49FA-904C-F038321CD53A}"
EndProject
Project("{FAE04EC0-301F-11D3-BF4B-00C04F79EFBC}") = "Data", "Data\Data.csproj", "{8AE38AEF-1F22-4D0F-A78A-223CA31A976C}"
EndProject
Global
	GlobalSection(SolutionConfigurationPlatforms) = preSolution
		Debug|Any CPU = Debug|Any CPU
		Release|Any CPU = Release|Any CPU
	EndGlobalSection
	GlobalSection(ProjectConfigurationPlatforms) = postSolution
		{36D179D6-8C2E-4A13-937A-3DC98754CA6A}.Debug|Any CPU.ActiveCfg = Debug|Any CPU
		{36D179D6-8C2E-4A13-937A-3DC98754CA6A}.Debug|Any CPU.Build.0 = Debug|Any CPU
		{36D179D6-8C2E-4A13-937A-3DC98754CA6A}.Release|Any CPU.ActiveCfg = Release|Any CPU
		{36D179D6-8C2E-4A13-937A-3DC98754CA6A}.Release|Any CPU.Build.0 = Release|Any CPU
		{609792F7-E7A1-49FA-904C-F038321CD53A}.Debug|Any CPU.ActiveCfg = Debug|Any CPU
		{609792F7-E7A1-49FA-904C-F038321CD53A}.Debug|Any CPU.Build.0 = Debug|Any CPU
		{609792F7-E7A1-49FA-904C-F038321CD53A}.Release|Any CPU.ActiveCfg = Release|Any CPU
		{609792F7-E7A1-49FA-904C-F038321CD53A}.Release|Any CPU.Build.0 = Release|Any CPU
		{8AE38AEF-1F22-4D0F-A78A-223CA31A976C}.Debug|Any CPU.ActiveCfg = Debug|Any CPU
		{8AE38AEF-1F22-4D0F-A78A-223CA31A976C}.Debug|Any CPU.Build.0 = Debug|Any CPU
		{8AE38AEF-1F22-4D0F-A78A-223CA31A976C}.Release|Any CPU.ActiveCfg = Release|Any CPU
		{8AE38AEF-1F22-4D0F-A78A-223CA31A976C}.Release|Any CPU.Build.0 = Release|Any CPU
	EndGlobalSection
	GlobalSection(SolutionProperties) = preSolution
		HideSolutionNode = FALSE
	EndGlobalSection
	GlobalSection(ExtensibilityGlobals) = postSolution
		SolutionGuid = {A4BFA705-2462-4CB7-BDDD-03E2D432DBA6}
	EndGlobalSection
EndGlobal
