
Microsoft Visual Studio Solution File, Format Version 12.00
# Visual Studio Version 16
VisualStudioVersion = 16.0.30509.190
MinimumVisualStudioVersion = 10.0.40219.1
Project("{9A19103F-16F7-4668-BE54-9A1E7A4F7556}") = "PcWebapp", "PcWebapp\PcWebapp.csproj", "{36D179D6-8C2E-4A13-937A-3DC98754CA6A}"
EndProject
Project("{9A19103F-16F7-4668-BE54-9A1E7A4F7556}") = "Models", "Models\Models.csproj", "{609792F7-E7A1-49FA-904C-F038321CD53A}"
EndProject
Project("{9A19103F-16F7-4668-BE54-9A1E7A4F7556}") = "Data", "Data\Data.csproj", "{8AE38AEF-1F22-4D0F-A78A-223CA31A976C}"
EndProject
Project("{9A19103F-16F7-4668-BE54-9A1E7A4F7556}") = "Repository", "Repository\Repository.csproj", "{500A7079-D83D-44EC-8D2B-BEB785A524E2}"
EndProject
Project("{9A19103F-16F7-4668-BE54-9A1E7A4F7556}") = "Logic", "Logic\Logic.csproj", "{98EE6636-69D6-4E03-BE75-8092279F3720}"
EndProject
Project("{9A19103F-16F7-4668-BE54-9A1E7A4F7556}") = "Test", "Test\Test.csproj", "{3F305D38-1D14-4F18-BFB6-797EAC261C2B}"
	ProjectSection(ProjectDependencies) = postProject
		{98EE6636-69D6-4E03-BE75-8092279F3720} = {98EE6636-69D6-4E03-BE75-8092279F3720}
		{500A7079-D83D-44EC-8D2B-BEB785A524E2} = {500A7079-D83D-44EC-8D2B-BEB785A524E2}
		{36D179D6-8C2E-4A13-937A-3DC98754CA6A} = {36D179D6-8C2E-4A13-937A-3DC98754CA6A}
		{8AE38AEF-1F22-4D0F-A78A-223CA31A976C} = {8AE38AEF-1F22-4D0F-A78A-223CA31A976C}
		{609792F7-E7A1-49FA-904C-F038321CD53A} = {609792F7-E7A1-49FA-904C-F038321CD53A}
	EndProjectSection
EndProject
Project("{FAE04EC0-301F-11D3-BF4B-00C04F79EFBC}") = "ApiEndpoint", "ApiEndpoint\ApiEndpoint.csproj", "{AAF60D2E-7329-4B15-9ABF-171946382624}"
EndProject
Global
	GlobalSection(SolutionConfigurationPlatforms) = preSolution
		Debug|Any CPU = Debug|Any CPU
		Release|Any CPU = Release|Any CPU
	EndGlobalSection
	GlobalSection(ProjectConfigurationPlatforms) = postSolution
		{36D179D6-8C2E-4A13-937A-3DC98754CA6A}.Debug|Any CPU.ActiveCfg = Debug|Any CPU
		{36D179D6-8C2E-4A13-937A-3DC98754CA6A}.Debug|Any CPU.Build.0 = Debug|Any CPU
		{36D179D6-8C2E-4A13-937A-3DC98754CA6A}.Release|Any CPU.ActiveCfg = Release|Any CPU
		{36D179D6-8C2E-4A13-937A-3DC98754CA6A}.Release|Any CPU.Build.0 = Release|Any CPU
		{609792F7-E7A1-49FA-904C-F038321CD53A}.Debug|Any CPU.ActiveCfg = Debug|Any CPU
		{609792F7-E7A1-49FA-904C-F038321CD53A}.Debug|Any CPU.Build.0 = Debug|Any CPU
		{609792F7-E7A1-49FA-904C-F038321CD53A}.Release|Any CPU.ActiveCfg = Release|Any CPU
		{609792F7-E7A1-49FA-904C-F038321CD53A}.Release|Any CPU.Build.0 = Release|Any CPU
		{8AE38AEF-1F22-4D0F-A78A-223CA31A976C}.Debug|Any CPU.ActiveCfg = Debug|Any CPU
		{8AE38AEF-1F22-4D0F-A78A-223CA31A976C}.Debug|Any CPU.Build.0 = Debug|Any CPU
		{8AE38AEF-1F22-4D0F-A78A-223CA31A976C}.Release|Any CPU.ActiveCfg = Release|Any CPU
		{8AE38AEF-1F22-4D0F-A78A-223CA31A976C}.Release|Any CPU.Build.0 = Release|Any CPU
		{500A7079-D83D-44EC-8D2B-BEB785A524E2}.Debug|Any CPU.ActiveCfg = Debug|Any CPU
		{500A7079-D83D-44EC-8D2B-BEB785A524E2}.Debug|Any CPU.Build.0 = Debug|Any CPU
		{500A7079-D83D-44EC-8D2B-BEB785A524E2}.Release|Any CPU.ActiveCfg = Release|Any CPU
		{500A7079-D83D-44EC-8D2B-BEB785A524E2}.Release|Any CPU.Build.0 = Release|Any CPU
		{98EE6636-69D6-4E03-BE75-8092279F3720}.Debug|Any CPU.ActiveCfg = Debug|Any CPU
		{98EE6636-69D6-4E03-BE75-8092279F3720}.Debug|Any CPU.Build.0 = Debug|Any CPU
		{98EE6636-69D6-4E03-BE75-8092279F3720}.Release|Any CPU.ActiveCfg = Release|Any CPU
		{98EE6636-69D6-4E03-BE75-8092279F3720}.Release|Any CPU.Build.0 = Release|Any CPU
		{3F305D38-1D14-4F18-BFB6-797EAC261C2B}.Debug|Any CPU.ActiveCfg = Debug|Any CPU
		{3F305D38-1D14-4F18-BFB6-797EAC261C2B}.Debug|Any CPU.Build.0 = Debug|Any CPU
		{3F305D38-1D14-4F18-BFB6-797EAC261C2B}.Release|Any CPU.ActiveCfg = Release|Any CPU
		{3F305D38-1D14-4F18-BFB6-797EAC261C2B}.Release|Any CPU.Build.0 = Release|Any CPU
		{AAF60D2E-7329-4B15-9ABF-171946382624}.Debug|Any CPU.ActiveCfg = Debug|Any CPU
		{AAF60D2E-7329-4B15-9ABF-171946382624}.Debug|Any CPU.Build.0 = Debug|Any CPU
		{AAF60D2E-7329-4B15-9ABF-171946382624}.Release|Any CPU.ActiveCfg = Release|Any CPU
		{AAF60D2E-7329-4B15-9ABF-171946382624}.Release|Any CPU.Build.0 = Release|Any CPU
	EndGlobalSection
	GlobalSection(SolutionProperties) = preSolution
		HideSolutionNode = FALSE
	EndGlobalSection
	GlobalSection(ExtensibilityGlobals) = postSolution
		SolutionGuid = {A4BFA705-2462-4CB7-BDDD-03E2D432DBA6}
	EndGlobalSection
EndGlobal
